
Microsoft Visual Studio Solution File, Format Version 12.00
# Visual Studio Version 17
VisualStudioVersion = 17.2.32526.322
MinimumVisualStudioVersion = 10.0.40219.1
Project("{F184B08F-C81C-45F6-A57F-5ABD9991F28F}") = "16 mar", "16 mar\16 mar.vbproj", "{F53F6FA1-F148-485D-AEF9-81817613CDA6}"
EndProject
Global
	GlobalSection(SolutionConfigurationPlatforms) = preSolution
		Debug|Any CPU = Debug|Any CPU
		Release|Any CPU = Release|Any CPU
	EndGlobalSection
	GlobalSection(ProjectConfigurationPlatforms) = postSolution
		{F53F6FA1-F148-485D-AEF9-81817613CDA6}.Debug|Any CPU.ActiveCfg = Debug|Any CPU
		{F53F6FA1-F148-485D-AEF9-81817613CDA6}.Debug|Any CPU.Build.0 = Debug|Any CPU
		{F53F6FA1-F148-485D-AEF9-81817613CDA6}.Release|Any CPU.ActiveCfg = Release|Any CPU
		{F53F6FA1-F148-485D-AEF9-81817613CDA6}.Release|Any CPU.Build.0 = Release|Any CPU
	EndGlobalSection
	GlobalSection(SolutionProperties) = preSolution
		HideSolutionNode = FALSE
	EndGlobalSection
	GlobalSection(ExtensibilityGlobals) = postSolution
		SolutionGuid = {01D056BB-E785-4A61-8B0B-5D7EF3DE943E}
	EndGlobalSection
EndGlobal
